
Microsoft Visual Studio Solution File, Format Version 12.00
# Visual Studio Version 17
VisualStudioVersion = 17.12.35527.113
MinimumVisualStudioVersion = 10.0.40219.1
Project("{FAE04EC0-301F-11D3-BF4B-00C04F79EFBC}") = "a2k.Cli", "src\Cli\a2k.Cli.csproj", "{A4455278-9678-4144-B4DC-09DBBA3F8037}"
EndProject
Project("{FAE04EC0-301F-11D3-BF4B-00C04F79EFBC}") = "a2k.ManifestExtensions", "src\ManifestExtensions\a2k.ManifestExtensions.csproj", "{56D6BBA2-2A84-40A2-9933-6866979550CD}"
EndProject
Project("{FAE04EC0-301F-11D3-BF4B-00C04F79EFBC}") = "a2k.Cli.Tests", "tests\Cli.Tests\a2k.Cli.Tests.csproj", "{BFA4977A-1157-40E6-9EF6-B4B7BCC80B7C}"
EndProject
Project("{2150E333-8FDC-42A3-9474-1A3956D46DE8}") = "src", "src", "{EE55A5A2-157B-4C5B-9FB9-D63F23DECBF4}"
EndProject
Project("{2150E333-8FDC-42A3-9474-1A3956D46DE8}") = "tests", "tests", "{1E444304-16D0-49D5-B848-FAE41B9BA105}"
EndProject
Project("{2150E333-8FDC-42A3-9474-1A3956D46DE8}") = "AspireApp1", "AspireApp1", "{4D323CB0-161F-4BE4-9CA5-EFC577824944}"
EndProject
Project("{FAE04EC0-301F-11D3-BF4B-00C04F79EFBC}") = "AspireApp1.ApiService", "tests\AspireApp1\AspireApp1.ApiService\AspireApp1.ApiService.csproj", "{F8DEABB8-67F7-481C-97B0-448C086DD94E}"
EndProject
Project("{FAE04EC0-301F-11D3-BF4B-00C04F79EFBC}") = "AspireApp1.AppHost", "tests\AspireApp1\AspireApp1.AppHost\AspireApp1.AppHost.csproj", "{7B3D41B9-99ED-4763-ACE6-3D7C4C63C188}"
EndProject
Project("{FAE04EC0-301F-11D3-BF4B-00C04F79EFBC}") = "AspireApp1.ServiceDefaults", "tests\AspireApp1\AspireApp1.ServiceDefaults\AspireApp1.ServiceDefaults.csproj", "{83BE4E70-45E8-49B5-AD3D-10DFCC599FAC}"
EndProject
Project("{FAE04EC0-301F-11D3-BF4B-00C04F79EFBC}") = "AspireApp1.Web", "tests\AspireApp1\AspireApp1.Web\AspireApp1.Web.csproj", "{0FE69463-0B8C-4487-913A-D9E9DF828876}"
EndProject
Global
	GlobalSection(SolutionConfigurationPlatforms) = preSolution
		Debug|Any CPU = Debug|Any CPU
		Release|Any CPU = Release|Any CPU
	EndGlobalSection
	GlobalSection(ProjectConfigurationPlatforms) = postSolution
		{A4455278-9678-4144-B4DC-09DBBA3F8037}.Debug|Any CPU.ActiveCfg = Debug|Any CPU
		{A4455278-9678-4144-B4DC-09DBBA3F8037}.Debug|Any CPU.Build.0 = Debug|Any CPU
		{A4455278-9678-4144-B4DC-09DBBA3F8037}.Release|Any CPU.ActiveCfg = Release|Any CPU
		{A4455278-9678-4144-B4DC-09DBBA3F8037}.Release|Any CPU.Build.0 = Release|Any CPU
		{56D6BBA2-2A84-40A2-9933-6866979550CD}.Debug|Any CPU.ActiveCfg = Debug|Any CPU
		{56D6BBA2-2A84-40A2-9933-6866979550CD}.Debug|Any CPU.Build.0 = Debug|Any CPU
		{56D6BBA2-2A84-40A2-9933-6866979550CD}.Release|Any CPU.ActiveCfg = Release|Any CPU
		{56D6BBA2-2A84-40A2-9933-6866979550CD}.Release|Any CPU.Build.0 = Release|Any CPU
		{BFA4977A-1157-40E6-9EF6-B4B7BCC80B7C}.Debug|Any CPU.ActiveCfg = Debug|Any CPU
		{BFA4977A-1157-40E6-9EF6-B4B7BCC80B7C}.Debug|Any CPU.Build.0 = Debug|Any CPU
		{BFA4977A-1157-40E6-9EF6-B4B7BCC80B7C}.Release|Any CPU.ActiveCfg = Release|Any CPU
		{BFA4977A-1157-40E6-9EF6-B4B7BCC80B7C}.Release|Any CPU.Build.0 = Release|Any CPU
		{F8DEABB8-67F7-481C-97B0-448C086DD94E}.Debug|Any CPU.ActiveCfg = Debug|Any CPU
		{F8DEABB8-67F7-481C-97B0-448C086DD94E}.Debug|Any CPU.Build.0 = Debug|Any CPU
		{F8DEABB8-67F7-481C-97B0-448C086DD94E}.Release|Any CPU.ActiveCfg = Release|Any CPU
		{F8DEABB8-67F7-481C-97B0-448C086DD94E}.Release|Any CPU.Build.0 = Release|Any CPU
		{7B3D41B9-99ED-4763-ACE6-3D7C4C63C188}.Debug|Any CPU.ActiveCfg = Debug|Any CPU
		{7B3D41B9-99ED-4763-ACE6-3D7C4C63C188}.Debug|Any CPU.Build.0 = Debug|Any CPU
		{7B3D41B9-99ED-4763-ACE6-3D7C4C63C188}.Release|Any CPU.ActiveCfg = Release|Any CPU
		{7B3D41B9-99ED-4763-ACE6-3D7C4C63C188}.Release|Any CPU.Build.0 = Release|Any CPU
		{83BE4E70-45E8-49B5-AD3D-10DFCC599FAC}.Debug|Any CPU.ActiveCfg = Debug|Any CPU
		{83BE4E70-45E8-49B5-AD3D-10DFCC599FAC}.Debug|Any CPU.Build.0 = Debug|Any CPU
		{83BE4E70-45E8-49B5-AD3D-10DFCC599FAC}.Release|Any CPU.ActiveCfg = Release|Any CPU
		{83BE4E70-45E8-49B5-AD3D-10DFCC599FAC}.Release|Any CPU.Build.0 = Release|Any CPU
		{0FE69463-0B8C-4487-913A-D9E9DF828876}.Debug|Any CPU.ActiveCfg = Debug|Any CPU
		{0FE69463-0B8C-4487-913A-D9E9DF828876}.Debug|Any CPU.Build.0 = Debug|Any CPU
		{0FE69463-0B8C-4487-913A-D9E9DF828876}.Release|Any CPU.ActiveCfg = Release|Any CPU
		{0FE69463-0B8C-4487-913A-D9E9DF828876}.Release|Any CPU.Build.0 = Release|Any CPU
	EndGlobalSection
	GlobalSection(SolutionProperties) = preSolution
		HideSolutionNode = FALSE
	EndGlobalSection
	GlobalSection(NestedProjects) = preSolution
		{A4455278-9678-4144-B4DC-09DBBA3F8037} = {EE55A5A2-157B-4C5B-9FB9-D63F23DECBF4}
		{56D6BBA2-2A84-40A2-9933-6866979550CD} = {EE55A5A2-157B-4C5B-9FB9-D63F23DECBF4}
		{BFA4977A-1157-40E6-9EF6-B4B7BCC80B7C} = {1E444304-16D0-49D5-B848-FAE41B9BA105}
		{4D323CB0-161F-4BE4-9CA5-EFC577824944} = {1E444304-16D0-49D5-B848-FAE41B9BA105}
		{F8DEABB8-67F7-481C-97B0-448C086DD94E} = {4D323CB0-161F-4BE4-9CA5-EFC577824944}
		{7B3D41B9-99ED-4763-ACE6-3D7C4C63C188} = {4D323CB0-161F-4BE4-9CA5-EFC577824944}
		{83BE4E70-45E8-49B5-AD3D-10DFCC599FAC} = {4D323CB0-161F-4BE4-9CA5-EFC577824944}
		{0FE69463-0B8C-4487-913A-D9E9DF828876} = {4D323CB0-161F-4BE4-9CA5-EFC577824944}
	EndGlobalSection
EndGlobal
