
Microsoft Visual Studio Solution File, Format Version 12.00
# Visual Studio Version 17
VisualStudioVersion = 17.12.35527.113
MinimumVisualStudioVersion = 10.0.40219.1
Project("{2150E333-8FDC-42A3-9474-1A3956D46DE8}") = "src", "src", "{EE55A5A2-157B-4C5B-9FB9-D63F23DECBF4}"
EndProject
Project("{2150E333-8FDC-42A3-9474-1A3956D46DE8}") = "tests", "tests", "{1E444304-16D0-49D5-B848-FAE41B9BA105}"
EndProject
Project("{2150E333-8FDC-42A3-9474-1A3956D46DE8}") = "Solution Folder", "Solution Folder", "{98218675-421F-46DA-8394-C3625440B9F9}"
	ProjectSection(SolutionItems) = preProject
		.gitignore = .gitignore
		Directory.Build.props = Directory.Build.props
		README.md = README.md
	EndProjectSection
EndProject
Project("{FAE04EC0-301F-11D3-BF4B-00C04F79EFBC}") = "a2k", "src\a2k.csproj", "{49A609B4-E4AB-41B9-B094-DB735FB72077}"
EndProject
Project("{FAE04EC0-301F-11D3-BF4B-00C04F79EFBC}") = "a2k.Tests", "tests\a2k.Tests.csproj", "{05D88CBA-98F6-4D03-93E7-AFAB9EB9D644}"
EndProject
Project("{2150E333-8FDC-42A3-9474-1A3956D46DE8}") = "examples", "examples", "{F573694E-4AC1-4214-A1EF-ACF1ADEE2BAA}"
EndProject
Project("{FAE04EC0-301F-11D3-BF4B-00C04F79EFBC}") = "AspireApp1.AppHost", "examples\starter\AspireApp1\AspireApp1.AppHost\AspireApp1.AppHost.csproj", "{FB360CF4-5054-4284-B880-55C4B7456544}"
EndProject
Project("{FAE04EC0-301F-11D3-BF4B-00C04F79EFBC}") = "AspireApp1.ServiceDefaults", "examples\starter\AspireApp1\AspireApp1.ServiceDefaults\AspireApp1.ServiceDefaults.csproj", "{668DA479-2664-4014-B725-A9CE3C9138D2}"
EndProject
Project("{FAE04EC0-301F-11D3-BF4B-00C04F79EFBC}") = "AspireApp1.ApiService", "examples\starter\AspireApp1\AspireApp1.ApiService\AspireApp1.ApiService.csproj", "{4A83BB31-2470-4DAF-87DC-F833486AEFAE}"
EndProject
Project("{FAE04EC0-301F-11D3-BF4B-00C04F79EFBC}") = "AspireApp1.Web", "examples\starter\AspireApp1\AspireApp1.Web\AspireApp1.Web.csproj", "{96CF78E8-F3DE-4A29-BF2D-A2AC5D420CB8}"
EndProject
Project("{2150E333-8FDC-42A3-9474-1A3956D46DE8}") = "starter", "starter", "{EDE17A5D-BEB3-4F6B-ABAA-E2074C5865DE}"
EndProject
Global
	GlobalSection(SolutionConfigurationPlatforms) = preSolution
		Debug|Any CPU = Debug|Any CPU
		Release|Any CPU = Release|Any CPU
	EndGlobalSection
	GlobalSection(ProjectConfigurationPlatforms) = postSolution
		{49A609B4-E4AB-41B9-B094-DB735FB72077}.Debug|Any CPU.ActiveCfg = Debug|Any CPU
		{49A609B4-E4AB-41B9-B094-DB735FB72077}.Debug|Any CPU.Build.0 = Debug|Any CPU
		{49A609B4-E4AB-41B9-B094-DB735FB72077}.Release|Any CPU.ActiveCfg = Release|Any CPU
		{49A609B4-E4AB-41B9-B094-DB735FB72077}.Release|Any CPU.Build.0 = Release|Any CPU
		{05D88CBA-98F6-4D03-93E7-AFAB9EB9D644}.Debug|Any CPU.ActiveCfg = Debug|Any CPU
		{05D88CBA-98F6-4D03-93E7-AFAB9EB9D644}.Debug|Any CPU.Build.0 = Debug|Any CPU
		{05D88CBA-98F6-4D03-93E7-AFAB9EB9D644}.Release|Any CPU.ActiveCfg = Release|Any CPU
		{05D88CBA-98F6-4D03-93E7-AFAB9EB9D644}.Release|Any CPU.Build.0 = Release|Any CPU
		{FB360CF4-5054-4284-B880-55C4B7456544}.Debug|Any CPU.ActiveCfg = Debug|Any CPU
		{FB360CF4-5054-4284-B880-55C4B7456544}.Debug|Any CPU.Build.0 = Debug|Any CPU
		{FB360CF4-5054-4284-B880-55C4B7456544}.Release|Any CPU.ActiveCfg = Release|Any CPU
		{FB360CF4-5054-4284-B880-55C4B7456544}.Release|Any CPU.Build.0 = Release|Any CPU
		{668DA479-2664-4014-B725-A9CE3C9138D2}.Debug|Any CPU.ActiveCfg = Debug|Any CPU
		{668DA479-2664-4014-B725-A9CE3C9138D2}.Debug|Any CPU.Build.0 = Debug|Any CPU
		{668DA479-2664-4014-B725-A9CE3C9138D2}.Release|Any CPU.ActiveCfg = Release|Any CPU
		{668DA479-2664-4014-B725-A9CE3C9138D2}.Release|Any CPU.Build.0 = Release|Any CPU
		{4A83BB31-2470-4DAF-87DC-F833486AEFAE}.Debug|Any CPU.ActiveCfg = Debug|Any CPU
		{4A83BB31-2470-4DAF-87DC-F833486AEFAE}.Debug|Any CPU.Build.0 = Debug|Any CPU
		{4A83BB31-2470-4DAF-87DC-F833486AEFAE}.Release|Any CPU.ActiveCfg = Release|Any CPU
		{4A83BB31-2470-4DAF-87DC-F833486AEFAE}.Release|Any CPU.Build.0 = Release|Any CPU
		{96CF78E8-F3DE-4A29-BF2D-A2AC5D420CB8}.Debug|Any CPU.ActiveCfg = Debug|Any CPU
		{96CF78E8-F3DE-4A29-BF2D-A2AC5D420CB8}.Debug|Any CPU.Build.0 = Debug|Any CPU
		{96CF78E8-F3DE-4A29-BF2D-A2AC5D420CB8}.Release|Any CPU.ActiveCfg = Release|Any CPU
		{96CF78E8-F3DE-4A29-BF2D-A2AC5D420CB8}.Release|Any CPU.Build.0 = Release|Any CPU
	EndGlobalSection
	GlobalSection(SolutionProperties) = preSolution
		HideSolutionNode = FALSE
	EndGlobalSection
	GlobalSection(NestedProjects) = preSolution
		{49A609B4-E4AB-41B9-B094-DB735FB72077} = {EE55A5A2-157B-4C5B-9FB9-D63F23DECBF4}
		{05D88CBA-98F6-4D03-93E7-AFAB9EB9D644} = {1E444304-16D0-49D5-B848-FAE41B9BA105}
		{FB360CF4-5054-4284-B880-55C4B7456544} = {EDE17A5D-BEB3-4F6B-ABAA-E2074C5865DE}
		{668DA479-2664-4014-B725-A9CE3C9138D2} = {EDE17A5D-BEB3-4F6B-ABAA-E2074C5865DE}
		{4A83BB31-2470-4DAF-87DC-F833486AEFAE} = {EDE17A5D-BEB3-4F6B-ABAA-E2074C5865DE}
		{96CF78E8-F3DE-4A29-BF2D-A2AC5D420CB8} = {EDE17A5D-BEB3-4F6B-ABAA-E2074C5865DE}
		{EDE17A5D-BEB3-4F6B-ABAA-E2074C5865DE} = {F573694E-4AC1-4214-A1EF-ACF1ADEE2BAA}
	EndGlobalSection
EndGlobal
