
Microsoft Visual Studio Solution File, Format Version 12.00
# Visual Studio Version 17
VisualStudioVersion = 17.12.35527.113
MinimumVisualStudioVersion = 10.0.40219.1
Project("{2150E333-8FDC-42A3-9474-1A3956D46DE8}") = "src", "src", "{EE55A5A2-157B-4C5B-9FB9-D63F23DECBF4}"
EndProject
Project("{2150E333-8FDC-42A3-9474-1A3956D46DE8}") = "tests", "tests", "{1E444304-16D0-49D5-B848-FAE41B9BA105}"
EndProject
Project("{2150E333-8FDC-42A3-9474-1A3956D46DE8}") = "Solution Folder", "Solution Folder", "{98218675-421F-46DA-8394-C3625440B9F9}"
	ProjectSection(SolutionItems) = preProject
		.gitignore = .gitignore
		Directory.Build.props = Directory.Build.props
		README.md = README.md
	EndProjectSection
EndProject
Project("{FAE04EC0-301F-11D3-BF4B-00C04F79EFBC}") = "a2k", "src\a2k.csproj", "{49A609B4-E4AB-41B9-B094-DB735FB72077}"
EndProject
Project("{FAE04EC0-301F-11D3-BF4B-00C04F79EFBC}") = "a2k.Tests", "tests\a2k.Tests.csproj", "{05D88CBA-98F6-4D03-93E7-AFAB9EB9D644}"
EndProject
Global
	GlobalSection(SolutionConfigurationPlatforms) = preSolution
		Debug|Any CPU = Debug|Any CPU
		Release|Any CPU = Release|Any CPU
	EndGlobalSection
	GlobalSection(ProjectConfigurationPlatforms) = postSolution
		{49A609B4-E4AB-41B9-B094-DB735FB72077}.Debug|Any CPU.ActiveCfg = Debug|Any CPU
		{49A609B4-E4AB-41B9-B094-DB735FB72077}.Debug|Any CPU.Build.0 = Debug|Any CPU
		{49A609B4-E4AB-41B9-B094-DB735FB72077}.Release|Any CPU.ActiveCfg = Release|Any CPU
		{49A609B4-E4AB-41B9-B094-DB735FB72077}.Release|Any CPU.Build.0 = Release|Any CPU
		{05D88CBA-98F6-4D03-93E7-AFAB9EB9D644}.Debug|Any CPU.ActiveCfg = Debug|Any CPU
		{05D88CBA-98F6-4D03-93E7-AFAB9EB9D644}.Debug|Any CPU.Build.0 = Debug|Any CPU
		{05D88CBA-98F6-4D03-93E7-AFAB9EB9D644}.Release|Any CPU.ActiveCfg = Release|Any CPU
		{05D88CBA-98F6-4D03-93E7-AFAB9EB9D644}.Release|Any CPU.Build.0 = Release|Any CPU
	EndGlobalSection
	GlobalSection(SolutionProperties) = preSolution
		HideSolutionNode = FALSE
	EndGlobalSection
	GlobalSection(NestedProjects) = preSolution
		{49A609B4-E4AB-41B9-B094-DB735FB72077} = {EE55A5A2-157B-4C5B-9FB9-D63F23DECBF4}
		{05D88CBA-98F6-4D03-93E7-AFAB9EB9D644} = {1E444304-16D0-49D5-B848-FAE41B9BA105}
	EndGlobalSection
EndGlobal
